
Microsoft Visual Studio Solution File, Format Version 12.00
# Visual Studio 15
VisualStudioVersion = 15.0.28307.1022
MinimumVisualStudioVersion = 10.0.40219.1
Project("{FAE04EC0-301F-11D3-BF4B-00C04F79EFBC}") = "ASPEjercicio4", "ASPEjercicio4\ASPEjercicio4.csproj", "{9F4D4800-7E98-4B9C-AAD0-8651A5B87802}"
EndProject
Global
	GlobalSection(SolutionConfigurationPlatforms) = preSolution
		Debug|Any CPU = Debug|Any CPU
		Release|Any CPU = Release|Any CPU
	EndGlobalSection
	GlobalSection(ProjectConfigurationPlatforms) = postSolution
		{9F4D4800-7E98-4B9C-AAD0-8651A5B87802}.Debug|Any CPU.ActiveCfg = Debug|Any CPU
		{9F4D4800-7E98-4B9C-AAD0-8651A5B87802}.Debug|Any CPU.Build.0 = Debug|Any CPU
		{9F4D4800-7E98-4B9C-AAD0-8651A5B87802}.Release|Any CPU.ActiveCfg = Release|Any CPU
		{9F4D4800-7E98-4B9C-AAD0-8651A5B87802}.Release|Any CPU.Build.0 = Release|Any CPU
	EndGlobalSection
	GlobalSection(SolutionProperties) = preSolution
		HideSolutionNode = FALSE
	EndGlobalSection
	GlobalSection(ExtensibilityGlobals) = postSolution
		SolutionGuid = {F1689D45-1163-4325-9A85-34DBD8CCDF0B}
	EndGlobalSection
EndGlobal
